{
    "_readme": [
        "This file locks the dependencies of your project to a known state",
        "Read more about it at https://getcomposer.org/doc/01-basic-usage.md#composer-lock-the-lock-file",
        "This file is @generated automatically"
    ],
    "hash": "1a1e047478c746b4b4f240d99c7ed9a5",
    "content-hash": "039601a1995a0cc5b2dc418d5e887daf",
    "packages": [
        {
            "name": "jiayx/raam-framework",
            "version": "dev-master",
            "source": {
                "type": "git",
                "url": "https://github.com/jiayx/raam-framework.git",
                "reference": "acd44cf47b218b8e076284c3edcc490dd08e1d09"
            },
            "dist": {
                "type": "zip",
                "url": "https://api.github.com/repos/jiayx/raam-framework/zipball/acd44cf47b218b8e076284c3edcc490dd08e1d09",
                "reference": "acd44cf47b218b8e076284c3edcc490dd08e1d09",
                "shasum": ""
            },
            "require": {
                "php": ">=5.4.0"
            },
            "type": "library",
            "autoload": {
                "psr-4": {
                    "Raam\\": "src/Raam"
                }
            },
            "notification-url": "https://packagist.org/downloads/",
            "license": [
                "MIT"
            ],
            "authors": [
                {
                    "name": "Jiayx",
                    "email": "i@jiayx.net",
                    "homepage": "https://jiayx.net"
                }
            ],
            "description": "The Raam Framework.",
            "homepage": "https://jiayx.net",
            "keywords": [
                "framework",
                "raam"
            ],
            "time": "2016-05-13 12:05:28"
        }
    ],
    "packages-dev": [],
    "aliases": [],
    "minimum-stability": "dev",
    "stability-flags": {
        "jiayx/raam-framework": 20
    },
    "prefer-stable": false,
    "prefer-lowest": false,
    "platform": [],
    "platform-dev": []
}
